
Microsoft Visual Studio Solution File, Format Version 12.00
# Visual Studio Version 16
VisualStudioVersion = 25.0.1703.0
MinimumVisualStudioVersion = 10.0.40219.1
Project("{FAE04EC0-301F-11D3-BF4B-00C04F79EFBC}") = "FunctionalCSharpDojo", "FunctionalCSharpDojo\FunctionalCSharpDojo.csproj", "{0B02C503-E5E5-432C-9C63-28773857B08B}"
EndProject
Global
	GlobalSection(SolutionConfigurationPlatforms) = preSolution
		Debug|Any CPU = Debug|Any CPU
		Release|Any CPU = Release|Any CPU
	EndGlobalSection
	GlobalSection(ProjectConfigurationPlatforms) = postSolution
		{0B02C503-E5E5-432C-9C63-28773857B08B}.Debug|Any CPU.ActiveCfg = Debug|Any CPU
		{0B02C503-E5E5-432C-9C63-28773857B08B}.Debug|Any CPU.Build.0 = Debug|Any CPU
		{0B02C503-E5E5-432C-9C63-28773857B08B}.Release|Any CPU.ActiveCfg = Release|Any CPU
		{0B02C503-E5E5-432C-9C63-28773857B08B}.Release|Any CPU.Build.0 = Release|Any CPU
	EndGlobalSection
	GlobalSection(SolutionProperties) = preSolution
		HideSolutionNode = FALSE
	EndGlobalSection
	GlobalSection(ExtensibilityGlobals) = postSolution
		SolutionGuid = {A1BB80AD-8623-428E-98C3-D89F960E544C}
	EndGlobalSection
EndGlobal
